
Microsoft Visual Studio Solution File, Format Version 12.00
# Visual Studio Version 17
VisualStudioVersion = 17.8.34511.84
MinimumVisualStudioVersion = 10.0.40219.1
Project("{FAE04EC0-301F-11D3-BF4B-00C04F79EFBC}") = "PeopleManager.Ui.Mvc", "PeopleManager.Ui.Mvc\PeopleManager.Ui.Mvc.csproj", "{9C85193A-0375-4958-ACDD-CE14BB8A42C0}"
EndProject
Global
	GlobalSection(SolutionConfigurationPlatforms) = preSolution
		Debug|Any CPU = Debug|Any CPU
		Release|Any CPU = Release|Any CPU
	EndGlobalSection
	GlobalSection(ProjectConfigurationPlatforms) = postSolution
		{9C85193A-0375-4958-ACDD-CE14BB8A42C0}.Debug|Any CPU.ActiveCfg = Debug|Any CPU
		{9C85193A-0375-4958-ACDD-CE14BB8A42C0}.Debug|Any CPU.Build.0 = Debug|Any CPU
		{9C85193A-0375-4958-ACDD-CE14BB8A42C0}.Release|Any CPU.ActiveCfg = Release|Any CPU
		{9C85193A-0375-4958-ACDD-CE14BB8A42C0}.Release|Any CPU.Build.0 = Release|Any CPU
	EndGlobalSection
	GlobalSection(SolutionProperties) = preSolution
		HideSolutionNode = FALSE
	EndGlobalSection
	GlobalSection(ExtensibilityGlobals) = postSolution
		SolutionGuid = {6517C9AC-EBB9-4124-A470-26E83326B1D4}
	EndGlobalSection
EndGlobal
